
Microsoft Visual Studio Solution File, Format Version 12.00
# Visual Studio 15
VisualStudioVersion = 15.0.26124.0
MinimumVisualStudioVersion = 15.0.26124.0
Project("{9A19103F-16F7-4668-BE54-9A1E7A4F7556}") = "StaTypPocoQueries.AsyncPoco", "StaTypPocoQueries.AsyncPoco\StaTypPocoQueries.AsyncPoco.csproj", "{8D47694C-003C-4C3D-8638-4E96DB410442}"
EndProject
Project("{9A19103F-16F7-4668-BE54-9A1E7A4F7556}") = "StaTypPocoQueries.AsyncPoco.Tests", "StaTypPocoQueries.AsyncPoco.Tests\StaTypPocoQueries.AsyncPoco.Tests.csproj", "{F665994C-43C3-4ED1-8E0F-D0F094B0AE0D}"
EndProject
Project("{6EC3EE1D-3C4E-46DD-8F32-0CC8E7565705}") = "StaTypPocoQueries.Core", "StaTypPocoQueries.Core\StaTypPocoQueries.Core.fsproj", "{F082E729-4994-46F8-AF9E-CB17BEC949DF}"
EndProject
Project("{9A19103F-16F7-4668-BE54-9A1E7A4F7556}") = "StaTypPocoQueries.Core.Tests", "StaTypPocoQueries.Core.Tests\StaTypPocoQueries.Core.Tests.csproj", "{9C11932D-B66C-43F7-A8F4-82932E683B33}"
EndProject
Project("{9A19103F-16F7-4668-BE54-9A1E7A4F7556}") = "StaTypPocoQueries.AsyncPocoDpy", "StaTypPocoQueries.AsyncPocoDpy\StaTypPocoQueries.AsyncPocoDpy.csproj", "{4024A73E-F899-44E3-A5F1-3E1D0FA30B63}"
EndProject
Project("{9A19103F-16F7-4668-BE54-9A1E7A4F7556}") = "StaTypPocoQueries.AsyncPocoDpy.Tests", "StaTypPocoQueries.AsyncPocoDpy.Tests\StaTypPocoQueries.AsyncPocoDpy.Tests.csproj", "{9F0896EB-EC50-4BE5-8675-4C8717BB920D}"
EndProject
Global
	GlobalSection(SolutionConfigurationPlatforms) = preSolution
		Debug|Any CPU = Debug|Any CPU
		Debug|x64 = Debug|x64
		Debug|x86 = Debug|x86
		Release|Any CPU = Release|Any CPU
		Release|x64 = Release|x64
		Release|x86 = Release|x86
	EndGlobalSection
	GlobalSection(ProjectConfigurationPlatforms) = postSolution
		{8D47694C-003C-4C3D-8638-4E96DB410442}.Debug|Any CPU.ActiveCfg = Debug|Any CPU
		{8D47694C-003C-4C3D-8638-4E96DB410442}.Debug|Any CPU.Build.0 = Debug|Any CPU
		{8D47694C-003C-4C3D-8638-4E96DB410442}.Debug|x64.ActiveCfg = Debug|Any CPU
		{8D47694C-003C-4C3D-8638-4E96DB410442}.Debug|x64.Build.0 = Debug|Any CPU
		{8D47694C-003C-4C3D-8638-4E96DB410442}.Debug|x86.ActiveCfg = Debug|Any CPU
		{8D47694C-003C-4C3D-8638-4E96DB410442}.Debug|x86.Build.0 = Debug|Any CPU
		{8D47694C-003C-4C3D-8638-4E96DB410442}.Release|Any CPU.ActiveCfg = Release|Any CPU
		{8D47694C-003C-4C3D-8638-4E96DB410442}.Release|Any CPU.Build.0 = Release|Any CPU
		{8D47694C-003C-4C3D-8638-4E96DB410442}.Release|x64.ActiveCfg = Release|Any CPU
		{8D47694C-003C-4C3D-8638-4E96DB410442}.Release|x64.Build.0 = Release|Any CPU
		{8D47694C-003C-4C3D-8638-4E96DB410442}.Release|x86.ActiveCfg = Release|Any CPU
		{8D47694C-003C-4C3D-8638-4E96DB410442}.Release|x86.Build.0 = Release|Any CPU
		{F665994C-43C3-4ED1-8E0F-D0F094B0AE0D}.Debug|Any CPU.ActiveCfg = Debug|Any CPU
		{F665994C-43C3-4ED1-8E0F-D0F094B0AE0D}.Debug|Any CPU.Build.0 = Debug|Any CPU
		{F665994C-43C3-4ED1-8E0F-D0F094B0AE0D}.Debug|x64.ActiveCfg = Debug|Any CPU
		{F665994C-43C3-4ED1-8E0F-D0F094B0AE0D}.Debug|x64.Build.0 = Debug|Any CPU
		{F665994C-43C3-4ED1-8E0F-D0F094B0AE0D}.Debug|x86.ActiveCfg = Debug|Any CPU
		{F665994C-43C3-4ED1-8E0F-D0F094B0AE0D}.Debug|x86.Build.0 = Debug|Any CPU
		{F665994C-43C3-4ED1-8E0F-D0F094B0AE0D}.Release|Any CPU.ActiveCfg = Release|Any CPU
		{F665994C-43C3-4ED1-8E0F-D0F094B0AE0D}.Release|Any CPU.Build.0 = Release|Any CPU
		{F665994C-43C3-4ED1-8E0F-D0F094B0AE0D}.Release|x64.ActiveCfg = Release|Any CPU
		{F665994C-43C3-4ED1-8E0F-D0F094B0AE0D}.Release|x64.Build.0 = Release|Any CPU
		{F665994C-43C3-4ED1-8E0F-D0F094B0AE0D}.Release|x86.ActiveCfg = Release|Any CPU
		{F665994C-43C3-4ED1-8E0F-D0F094B0AE0D}.Release|x86.Build.0 = Release|Any CPU
		{F082E729-4994-46F8-AF9E-CB17BEC949DF}.Debug|Any CPU.ActiveCfg = Debug|Any CPU
		{F082E729-4994-46F8-AF9E-CB17BEC949DF}.Debug|Any CPU.Build.0 = Debug|Any CPU
		{F082E729-4994-46F8-AF9E-CB17BEC949DF}.Debug|x64.ActiveCfg = Debug|Any CPU
		{F082E729-4994-46F8-AF9E-CB17BEC949DF}.Debug|x64.Build.0 = Debug|Any CPU
		{F082E729-4994-46F8-AF9E-CB17BEC949DF}.Debug|x86.ActiveCfg = Debug|Any CPU
		{F082E729-4994-46F8-AF9E-CB17BEC949DF}.Debug|x86.Build.0 = Debug|Any CPU
		{F082E729-4994-46F8-AF9E-CB17BEC949DF}.Release|Any CPU.ActiveCfg = Release|Any CPU
		{F082E729-4994-46F8-AF9E-CB17BEC949DF}.Release|Any CPU.Build.0 = Release|Any CPU
		{F082E729-4994-46F8-AF9E-CB17BEC949DF}.Release|x64.ActiveCfg = Release|Any CPU
		{F082E729-4994-46F8-AF9E-CB17BEC949DF}.Release|x64.Build.0 = Release|Any CPU
		{F082E729-4994-46F8-AF9E-CB17BEC949DF}.Release|x86.ActiveCfg = Release|Any CPU
		{F082E729-4994-46F8-AF9E-CB17BEC949DF}.Release|x86.Build.0 = Release|Any CPU
		{9C11932D-B66C-43F7-A8F4-82932E683B33}.Debug|Any CPU.ActiveCfg = Debug|Any CPU
		{9C11932D-B66C-43F7-A8F4-82932E683B33}.Debug|Any CPU.Build.0 = Debug|Any CPU
		{9C11932D-B66C-43F7-A8F4-82932E683B33}.Debug|x64.ActiveCfg = Debug|Any CPU
		{9C11932D-B66C-43F7-A8F4-82932E683B33}.Debug|x64.Build.0 = Debug|Any CPU
		{9C11932D-B66C-43F7-A8F4-82932E683B33}.Debug|x86.ActiveCfg = Debug|Any CPU
		{9C11932D-B66C-43F7-A8F4-82932E683B33}.Debug|x86.Build.0 = Debug|Any CPU
		{9C11932D-B66C-43F7-A8F4-82932E683B33}.Release|Any CPU.ActiveCfg = Release|Any CPU
		{9C11932D-B66C-43F7-A8F4-82932E683B33}.Release|Any CPU.Build.0 = Release|Any CPU
		{9C11932D-B66C-43F7-A8F4-82932E683B33}.Release|x64.ActiveCfg = Release|Any CPU
		{9C11932D-B66C-43F7-A8F4-82932E683B33}.Release|x64.Build.0 = Release|Any CPU
		{9C11932D-B66C-43F7-A8F4-82932E683B33}.Release|x86.ActiveCfg = Release|Any CPU
		{9C11932D-B66C-43F7-A8F4-82932E683B33}.Release|x86.Build.0 = Release|Any CPU
		{4024A73E-F899-44E3-A5F1-3E1D0FA30B63}.Debug|Any CPU.ActiveCfg = Debug|Any CPU
		{4024A73E-F899-44E3-A5F1-3E1D0FA30B63}.Debug|Any CPU.Build.0 = Debug|Any CPU
		{4024A73E-F899-44E3-A5F1-3E1D0FA30B63}.Debug|x64.ActiveCfg = Debug|Any CPU
		{4024A73E-F899-44E3-A5F1-3E1D0FA30B63}.Debug|x64.Build.0 = Debug|Any CPU
		{4024A73E-F899-44E3-A5F1-3E1D0FA30B63}.Debug|x86.ActiveCfg = Debug|Any CPU
		{4024A73E-F899-44E3-A5F1-3E1D0FA30B63}.Debug|x86.Build.0 = Debug|Any CPU
		{4024A73E-F899-44E3-A5F1-3E1D0FA30B63}.Release|Any CPU.ActiveCfg = Release|Any CPU
		{4024A73E-F899-44E3-A5F1-3E1D0FA30B63}.Release|Any CPU.Build.0 = Release|Any CPU
		{4024A73E-F899-44E3-A5F1-3E1D0FA30B63}.Release|x64.ActiveCfg = Release|Any CPU
		{4024A73E-F899-44E3-A5F1-3E1D0FA30B63}.Release|x64.Build.0 = Release|Any CPU
		{4024A73E-F899-44E3-A5F1-3E1D0FA30B63}.Release|x86.ActiveCfg = Release|Any CPU
		{4024A73E-F899-44E3-A5F1-3E1D0FA30B63}.Release|x86.Build.0 = Release|Any CPU
		{9F0896EB-EC50-4BE5-8675-4C8717BB920D}.Debug|Any CPU.ActiveCfg = Debug|Any CPU
		{9F0896EB-EC50-4BE5-8675-4C8717BB920D}.Debug|Any CPU.Build.0 = Debug|Any CPU
		{9F0896EB-EC50-4BE5-8675-4C8717BB920D}.Debug|x64.ActiveCfg = Debug|Any CPU
		{9F0896EB-EC50-4BE5-8675-4C8717BB920D}.Debug|x64.Build.0 = Debug|Any CPU
		{9F0896EB-EC50-4BE5-8675-4C8717BB920D}.Debug|x86.ActiveCfg = Debug|Any CPU
		{9F0896EB-EC50-4BE5-8675-4C8717BB920D}.Debug|x86.Build.0 = Debug|Any CPU
		{9F0896EB-EC50-4BE5-8675-4C8717BB920D}.Release|Any CPU.ActiveCfg = Release|Any CPU
		{9F0896EB-EC50-4BE5-8675-4C8717BB920D}.Release|Any CPU.Build.0 = Release|Any CPU
		{9F0896EB-EC50-4BE5-8675-4C8717BB920D}.Release|x64.ActiveCfg = Release|Any CPU
		{9F0896EB-EC50-4BE5-8675-4C8717BB920D}.Release|x64.Build.0 = Release|Any CPU
		{9F0896EB-EC50-4BE5-8675-4C8717BB920D}.Release|x86.ActiveCfg = Release|Any CPU
		{9F0896EB-EC50-4BE5-8675-4C8717BB920D}.Release|x86.Build.0 = Release|Any CPU
	EndGlobalSection
	GlobalSection(SolutionProperties) = preSolution
		HideSolutionNode = FALSE
	EndGlobalSection
	GlobalSection(ExtensibilityGlobals) = postSolution
		SolutionGuid = {6800871C-922E-43B9-87D3-44ABFDDD59E7}
	EndGlobalSection
EndGlobal
